{
  "nodes": {
    "naersk": {
      "inputs": {
        "nixpkgs": "nixpkgs"
      },
      "locked": {
        "lastModified": 1651574473,
        "narHash": "sha256-wQhFORvRjo8LB2hTmETmv6cbyKGDPbfWqvZ/0chnDE4=",
        "owner": "nix-community",
        "repo": "naersk",
        "rev": "f21309b38e1da0d61b881b6b6d41b81c1aed4e1d",
        "type": "github"
      },
      "original": {
        "owner": "nix-community",
        "repo": "naersk",
        "type": "github"
      }
    },
    "nixpkgs": {
      "locked": {
        "lastModified": 1652483617,
        "narHash": "sha256-Jxyn3uXFr5LdZNNiippI/obtLXAVBM18uVfiKVP4j9Q=",
        "owner": "NixOS",
        "repo": "nixpkgs",
        "rev": "ed014c27f4d0ca772fb57d3b8985b772b0503bbd",
        "type": "github"
      },
      "original": {
        "id": "nixpkgs",
        "type": "indirect"
      }
    },
    "nixpkgs_2": {
      "locked": {
        "lastModified": 1652577883,
        "narHash": "sha256-2p27P/7EpVStQ1UszTKHi3AiabZqI0fcgvwVFDzfxNI=",
        "owner": "nixos",
        "repo": "nixpkgs",
        "rev": "1d370bd07399fb52cea6badfbffbc90ac9b0f8f0",
        "type": "github"
      },
      "original": {
        "owner": "nixos",
        "repo": "nixpkgs",
        "type": "github"
      }
    },
    "root": {
      "inputs": {
        "naersk": "naersk",
        "nixpkgs": "nixpkgs_2",
        "utils": "utils"
      }
    },
    "utils": {
      "locked": {
        "lastModified": 1652557277,
        "narHash": "sha256-jSes9DaIVMdmwBB78KkFUVrlDzawmD62vrUg0GS2500=",
        "owner": "numtide",
        "repo": "flake-utils",
        "rev": "12806d31a381e7cd169a6bac35590e7b36dc5fe5",
        "type": "github"
      },
      "original": {
        "owner": "numtide",
        "repo": "flake-utils",
        "type": "github"
      }
    }
  },
  "root": "root",
  "version": 7
}
